{
  "version": "4",
  "specifiers": {
    "jsr:@core/asyncutil@^1.2.0": "1.2.0",
    "jsr:@hono/hono@^4.6.12": "4.6.14",
    "jsr:@rivet-gg/actor-client@*": "24.6.0",
    "jsr:@rivet-gg/actor@*": "24.6.0",
    "jsr:@std/assert@^1.0.8": "1.0.10",
    "jsr:@std/async@^1.0.9": "1.0.9",
    "jsr:@std/bytes@^1.0.4": "1.0.4",
    "jsr:@std/cbor@~0.1.3": "0.1.4",
    "jsr:@std/fmt@^1.0.3": "1.0.3",
    "jsr:@std/fs@^1.0.7": "1.0.8",
    "jsr:@std/internal@^1.0.5": "1.0.5",
    "jsr:@std/io@0.225": "0.225.0",
    "jsr:@std/log@~0.224.11": "0.224.12",
    "jsr:@std/streams@^1.0.8": "1.0.8",
    "npm:on-change@^5.0.1": "5.0.1",
    "npm:zod@^3.24.1": "3.24.1"
  },
  "jsr": {
    "@core/asyncutil@1.2.0": {
      "integrity": "9967f15190c60df032c13f72ce5ac73d185c34f31c53dc918d8800025854c118"
    },
    "@hono/hono@4.6.14": {
      "integrity": "b39a5488266adf448fb1081bc3071a0d05145e72f3ab3ff83cf140e780c6c1de"
    },
    "@rivet-gg/actor@24.6.0": {
      "integrity": "5ae8c47d2b59b4058fabf8f0f8d19783454ed96b0eaa451cae198aa919c13f68",
      "dependencies": [
        "jsr:@core/asyncutil",
        "jsr:@hono/hono",
        "jsr:@std/assert",
        "jsr:@std/async",
        "jsr:@std/cbor",
        "jsr:@std/log",
        "npm:on-change",
        "npm:zod"
      ]
    },
    "@rivet-gg/actor-client@24.6.0": {
      "integrity": "23680c29c94729ba537b04e97caed6357fbc346926a64bd4ca60fa07cc38c863",
      "dependencies": [
        "jsr:@std/assert",
        "jsr:@std/cbor",
        "jsr:@std/log",
        "npm:zod"
      ]
    },
    "@std/assert@1.0.10": {
      "integrity": "59b5cbac5bd55459a19045d95cc7c2ff787b4f8527c0dd195078ff6f9481fbb3",
      "dependencies": [
        "jsr:@std/internal"
      ]
    },
    "@std/async@1.0.9": {
      "integrity": "c6472fd0623b3f3daae023cdf7ca5535e1b721dfbf376562c0c12b3fb4867f91"
    },
    "@std/bytes@1.0.4": {
      "integrity": "11a0debe522707c95c7b7ef89b478c13fb1583a7cfb9a85674cd2cc2e3a28abc"
    },
    "@std/cbor@0.1.4": {
      "integrity": "996e661977a9b0cc54b16503abfa62572ea56068d29e72af27fe0e7b6eb93baa",
      "dependencies": [
        "jsr:@std/bytes",
        "jsr:@std/streams"
      ]
    },
    "@std/fmt@1.0.3": {
      "integrity": "97765c16aa32245ff4e2204ecf7d8562496a3cb8592340a80e7e554e0bb9149f"
    },
    "@std/fs@1.0.8": {
      "integrity": "161c721b6f9400b8100a851b6f4061431c538b204bb76c501d02c508995cffe0"
    },
    "@std/internal@1.0.5": {
      "integrity": "54a546004f769c1ac9e025abd15a76b6671ddc9687e2313b67376125650dc7ba"
    },
    "@std/io@0.225.0": {
      "integrity": "c1db7c5e5a231629b32d64b9a53139445b2ca640d828c26bf23e1c55f8c079b3"
    },
    "@std/log@0.224.12": {
      "integrity": "d0f002f1340a11f28d482a7a9e1c904c26b8ff2c7dd4fe32175b3ece3e0b18c5",
      "dependencies": [
        "jsr:@std/fmt",
        "jsr:@std/fs",
        "jsr:@std/io"
      ]
    },
    "@std/streams@1.0.8": {
      "integrity": "b41332d93d2cf6a82fe4ac2153b930adf1a859392931e2a19d9fabfb6f154fb3"
    }
  },
  "npm": {
    "on-change@5.0.1": {
      "integrity": "sha512-n7THCP7RkyReRSLkJb8kUWoNsxUIBxTkIp3JKno+sEz6o/9AJ3w3P9fzQkITEkMwyTKJjZciF3v/pVoouxZZMg=="
    },
    "zod@3.24.1": {
      "integrity": "sha512-muH7gBL9sI1nciMZV67X5fTKKBLtwpZ5VBp1vsOQzj1MhrBZ4wlVCm3gedKZWLp0Oyel8sIGfeiz54Su+OVT+A=="
    }
  },
  "workspace": {
    "dependencies": [
      "jsr:@rivet-gg/actor-client@*",
      "jsr:@rivet-gg/actor@*"
    ]
  }
}
